
Microsoft Visual Studio Solution File, Format Version 12.00
# Visual Studio Version 17
VisualStudioVersion = 17.8.34511.84
MinimumVisualStudioVersion = 10.0.40219.1
Project("{FAE04EC0-301F-11D3-BF4B-00C04F79EFBC}") = "CompanyBlazor", "CompanyBlazor\CompanyBlazor.csproj", "{B976C4ED-B58B-44FE-B765-E5560D2C6D5B}"
EndProject
Global
	GlobalSection(SolutionConfigurationPlatforms) = preSolution
		Debug|Any CPU = Debug|Any CPU
		Release|Any CPU = Release|Any CPU
	EndGlobalSection
	GlobalSection(ProjectConfigurationPlatforms) = postSolution
		{B976C4ED-B58B-44FE-B765-E5560D2C6D5B}.Debug|Any CPU.ActiveCfg = Debug|Any CPU
		{B976C4ED-B58B-44FE-B765-E5560D2C6D5B}.Debug|Any CPU.Build.0 = Debug|Any CPU
		{B976C4ED-B58B-44FE-B765-E5560D2C6D5B}.Release|Any CPU.ActiveCfg = Release|Any CPU
		{B976C4ED-B58B-44FE-B765-E5560D2C6D5B}.Release|Any CPU.Build.0 = Release|Any CPU
	EndGlobalSection
	GlobalSection(SolutionProperties) = preSolution
		HideSolutionNode = FALSE
	EndGlobalSection
	GlobalSection(ExtensibilityGlobals) = postSolution
		SolutionGuid = {1BA3837F-8450-417C-8557-A5817838B419}
	EndGlobalSection
EndGlobal
